Microsoft Visual Studio Solution File, Format Version 11.00
# Visual Studio 2015
Project("{D0CEBCE3-BB31-0269-0A91-4EA04C6A6A83}") = "NewProject", "NewProject.vcxproj", "{F8130DC6-E941-8E5C-6FC1-BD9D439D0484}"
EndProject
Global
	GlobalSection(SolutionConfigurationPlatforms) = preSolution
		Debug|Win32 = Debug|Win32
		Release|Win32 = Release|Win32
	EndGlobalSection
	GlobalSection(ProjectConfigurationPlatforms) = postSolution
		{F8130DC6-E941-8E5C-6FC1-BD9D439D0484}.Debug|Win32.ActiveCfg = Debug|Win32
		{F8130DC6-E941-8E5C-6FC1-BD9D439D0484}.Debug|Win32.Build.0 = Debug|Win32
		{F8130DC6-E941-8E5C-6FC1-BD9D439D0484}.Release|Win32.ActiveCfg = Release|Win32
		{F8130DC6-E941-8E5C-6FC1-BD9D439D0484}.Release|Win32.Build.0 = Release|Win32
	EndGlobalSection
	GlobalSection(SolutionProperties) = preSolution
		HideSolutionNode = FALSE
	EndGlobalSection
EndGlobal
